
Microsoft Visual Studio Solution File, Format Version 12.00
# Visual Studio 15
VisualStudioVersion = 15.0.27703.2035
MinimumVisualStudioVersion = 10.0.40219.1
Project("{FAE04EC0-301F-11D3-BF4B-00C04F79EFBC}") = "UncutEquipment", "UncutEquipment.csproj", "{91E41ACC-076F-4125-BAA5-CB68B76303D5}"
EndProject
Global
	GlobalSection(SolutionConfigurationPlatforms) = preSolution
		Debug|Any CPU = Debug|Any CPU
		Release|Any CPU = Release|Any CPU
	EndGlobalSection
	GlobalSection(ProjectConfigurationPlatforms) = postSolution
		{91E41ACC-076F-4125-BAA5-CB68B76303D5}.Debug|Any CPU.ActiveCfg = Debug|Any CPU
		{91E41ACC-076F-4125-BAA5-CB68B76303D5}.Debug|Any CPU.Build.0 = Debug|Any CPU
		{91E41ACC-076F-4125-BAA5-CB68B76303D5}.Release|Any CPU.ActiveCfg = Release|Any CPU
		{91E41ACC-076F-4125-BAA5-CB68B76303D5}.Release|Any CPU.Build.0 = Release|Any CPU
	EndGlobalSection
	GlobalSection(SolutionProperties) = preSolution
		HideSolutionNode = FALSE
	EndGlobalSection
	GlobalSection(ExtensibilityGlobals) = postSolution
		SolutionGuid = {915E15D2-702C-47EA-B94A-0A3C732E995B}
	EndGlobalSection
EndGlobal
